
Microsoft Visual Studio Solution File, Format Version 12.00
# Visual Studio 2013
VisualStudioVersion = 12.0.30110.0
MinimumVisualStudioVersion = 10.0.40219.1
Project("{FAE04EC0-301F-11D3-BF4B-00C04F79EFBC}") = "Database", "Database\Database.csproj", "{DB247007-F33B-4FB4-85F4-4272622B6CC4}"
EndProject
Project("{FAE04EC0-301F-11D3-BF4B-00C04F79EFBC}") = "MiningAlgorithm", "MiningAlgorithm\MiningAlgorithm.csproj", "{E9548389-BE77-4FEE-AF1D-C7ADCBB7726A}"
EndProject
Project("{FAE04EC0-301F-11D3-BF4B-00C04F79EFBC}") = "Consolidation", "Consolidation\Consolidation.csproj", "{9A35D603-ED13-4112-982B-312B864B360C}"
EndProject
Project("{FAE04EC0-301F-11D3-BF4B-00C04F79EFBC}") = "Visualization", "Visualization\Visualization.csproj", "{EAE3A693-3DA1-4C83-858B-A0CFE5C34A9D}"
EndProject
Project("{FAE04EC0-301F-11D3-BF4B-00C04F79EFBC}") = "DatabaseTests", "Tests\DatabaseTests\DatabaseTests.csproj", "{5F130489-DB73-4692-897E-404708539EB7}"
EndProject
Project("{FAE04EC0-301F-11D3-BF4B-00C04F79EFBC}") = "MiningAlgorithmTests", "Tests\MiningAlgorithmTests\MiningAlgorithmTests.csproj", "{CE60535F-C538-4149-B54C-0F24A6B5BF61}"
	ProjectSection(ProjectDependencies) = postProject
		{E9548389-BE77-4FEE-AF1D-C7ADCBB7726A} = {E9548389-BE77-4FEE-AF1D-C7ADCBB7726A}
	EndProjectSection
EndProject
Project("{FAE04EC0-301F-11D3-BF4B-00C04F79EFBC}") = "Process Cube Explorer", "Process Cube Explorer\Process Cube Explorer.csproj", "{E91AC72F-8D98-427F-BC83-8C68C9946711}"
	ProjectSection(ProjectDependencies) = postProject
		{9A653A28-FE46-40E8-A14F-48B0E325165D} = {9A653A28-FE46-40E8-A14F-48B0E325165D}
		{D90C2964-1FC2-4354-9051-C762D12D53E0} = {D90C2964-1FC2-4354-9051-C762D12D53E0}
	EndProjectSection
EndProject
Project("{FAE04EC0-301F-11D3-BF4B-00C04F79EFBC}") = "ConformanceChecking", "ConformanceChecking\ConformanceChecking.csproj", "{4553A16A-4FC2-4236-B1F6-61480AF8A88B}"
EndProject
Project("{FAE04EC0-301F-11D3-BF4B-00C04F79EFBC}") = "ConformanceCheckingTests", "Tests\ConformanceCheckingTests\ConformanceCheckingTests.csproj", "{2A2B2BD5-4A63-4715-8CF2-6668A05216D4}"
EndProject
Project("{FAE04EC0-301F-11D3-BF4B-00C04F79EFBC}") = "MatrixSelection", "MatrixSelection\MatrixSelection.csproj", "{7FECFA3F-318E-4911-A51A-E57608756C55}"
EndProject
Project("{FAE04EC0-301F-11D3-BF4B-00C04F79EFBC}") = "Model", "Model\Model.csproj", "{53B741BE-1F95-425C-B6DB-BDD6FBAD5906}"
EndProject
Project("{FAE04EC0-301F-11D3-BF4B-00C04F79EFBC}") = "MatrixSelectionTests", "Tests\MatrixSelectionTests\MatrixSelectionTests.csproj", "{52AB39ED-1907-4679-BCED-DE39FBD3AE8B}"
EndProject
Project("{FAE04EC0-301F-11D3-BF4B-00C04F79EFBC}") = "Diff", "Diff\Diff.csproj", "{D90C2964-1FC2-4354-9051-C762D12D53E0}"
	ProjectSection(ProjectDependencies) = postProject
		{7FECFA3F-318E-4911-A51A-E57608756C55} = {7FECFA3F-318E-4911-A51A-E57608756C55}
		{E9548389-BE77-4FEE-AF1D-C7ADCBB7726A} = {E9548389-BE77-4FEE-AF1D-C7ADCBB7726A}
		{EAE3A693-3DA1-4C83-858B-A0CFE5C34A9D} = {EAE3A693-3DA1-4C83-858B-A0CFE5C34A9D}
		{53B741BE-1F95-425C-B6DB-BDD6FBAD5906} = {53B741BE-1F95-425C-B6DB-BDD6FBAD5906}
	EndProjectSection
EndProject
Project("{FAE04EC0-301F-11D3-BF4B-00C04F79EFBC}") = "ModelTests", "Tests\ModelTests\ModelTests.csproj", "{D5F81EBA-39F8-4D67-8EEB-DE6AFF30D18A}"
EndProject
Project("{FAE04EC0-301F-11D3-BF4B-00C04F79EFBC}") = "Process Cube Explorer Tests", "Tests\Process Cube Explorer Tests\Process Cube Explorer Tests.csproj", "{13D45E21-458F-4CC9-93FE-C5D90CC1E3DC}"
EndProject
Project("{FAE04EC0-301F-11D3-BF4B-00C04F79EFBC}") = "DiffTests", "Tests\DiffTests\DiffTests.csproj", "{F11CDC82-EB09-4A10-A521-16DF104CD708}"
	ProjectSection(ProjectDependencies) = postProject
		{53B741BE-1F95-425C-B6DB-BDD6FBAD5906} = {53B741BE-1F95-425C-B6DB-BDD6FBAD5906}
	EndProjectSection
EndProject
Project("{FAE04EC0-301F-11D3-BF4B-00C04F79EFBC}") = "ExampleData", "Tests\ExampleData\ExampleData.csproj", "{7096AF8F-51A8-45E3-AFB5-8C81B844A19E}"
EndProject
Project("{FAE04EC0-301F-11D3-BF4B-00C04F79EFBC}") = "FirstFloor.ModernUI", "ModernUI\FirstFloor.ModernUI.csproj", "{9A653A28-FE46-40E8-A14F-48B0E325165D}"
EndProject
Project("{FAE04EC0-301F-11D3-BF4B-00C04F79EFBC}") = "ConsolidationTests", "Tests\ConsolidationTest\ConsolidationTests.csproj", "{47EA4668-64CB-4B2D-9BC2-D9EB415C9442}"
EndProject
Project("{2150E333-8FDC-42A3-9474-1A3956D46DE8}") = "Solution Items", "Solution Items", "{6DF421EC-70B2-4516-8BEF-B61B1070451C}"
	ProjectSection(SolutionItems) = preProject
		COPYING.txt = COPYING.txt
		README.md = README.md
	EndProjectSection
EndProject
Project("{2150E333-8FDC-42A3-9474-1A3956D46DE8}") = "Tests", "Tests", "{5B9D41B0-F663-4B70-8DA1-73B71F5B439F}"
EndProject
Global
	GlobalSection(SolutionConfigurationPlatforms) = preSolution
		Debug|Any CPU = Debug|Any CPU
		Debug|Mixed Platforms = Debug|Mixed Platforms
		Debug|x64 = Debug|x64
		Debug|x86 = Debug|x86
		Release|Any CPU = Release|Any CPU
		Release|Mixed Platforms = Release|Mixed Platforms
		Release|x64 = Release|x64
		Release|x86 = Release|x86
		Description = The Multidimensional Process Miner
	EndGlobalSection
	GlobalSection(ProjectConfigurationPlatforms) = postSolution
		{DB247007-F33B-4FB4-85F4-4272622B6CC4}.Debug|Any CPU.ActiveCfg = Debug|Any CPU
		{DB247007-F33B-4FB4-85F4-4272622B6CC4}.Debug|Any CPU.Build.0 = Debug|Any CPU
		{DB247007-F33B-4FB4-85F4-4272622B6CC4}.Debug|Mixed Platforms.ActiveCfg = Debug|x86
		{DB247007-F33B-4FB4-85F4-4272622B6CC4}.Debug|Mixed Platforms.Build.0 = Debug|x86
		{DB247007-F33B-4FB4-85F4-4272622B6CC4}.Debug|x64.ActiveCfg = Debug|x64
		{DB247007-F33B-4FB4-85F4-4272622B6CC4}.Debug|x64.Build.0 = Debug|x64
		{DB247007-F33B-4FB4-85F4-4272622B6CC4}.Debug|x86.ActiveCfg = Debug|x86
		{DB247007-F33B-4FB4-85F4-4272622B6CC4}.Debug|x86.Build.0 = Debug|x86
		{DB247007-F33B-4FB4-85F4-4272622B6CC4}.Release|Any CPU.ActiveCfg = Release|Any CPU
		{DB247007-F33B-4FB4-85F4-4272622B6CC4}.Release|Any CPU.Build.0 = Release|Any CPU
		{DB247007-F33B-4FB4-85F4-4272622B6CC4}.Release|Mixed Platforms.ActiveCfg = Release|Any CPU
		{DB247007-F33B-4FB4-85F4-4272622B6CC4}.Release|Mixed Platforms.Build.0 = Release|Any CPU
		{DB247007-F33B-4FB4-85F4-4272622B6CC4}.Release|x64.ActiveCfg = Release|x64
		{DB247007-F33B-4FB4-85F4-4272622B6CC4}.Release|x64.Build.0 = Release|x64
		{DB247007-F33B-4FB4-85F4-4272622B6CC4}.Release|x86.ActiveCfg = Release|x86
		{DB247007-F33B-4FB4-85F4-4272622B6CC4}.Release|x86.Build.0 = Release|x86
		{E9548389-BE77-4FEE-AF1D-C7ADCBB7726A}.Debug|Any CPU.ActiveCfg = Debug|Any CPU
		{E9548389-BE77-4FEE-AF1D-C7ADCBB7726A}.Debug|Any CPU.Build.0 = Debug|Any CPU
		{E9548389-BE77-4FEE-AF1D-C7ADCBB7726A}.Debug|Mixed Platforms.ActiveCfg = Debug|Any CPU
		{E9548389-BE77-4FEE-AF1D-C7ADCBB7726A}.Debug|Mixed Platforms.Build.0 = Debug|Any CPU
		{E9548389-BE77-4FEE-AF1D-C7ADCBB7726A}.Debug|x64.ActiveCfg = Debug|x64
		{E9548389-BE77-4FEE-AF1D-C7ADCBB7726A}.Debug|x64.Build.0 = Debug|x64
		{E9548389-BE77-4FEE-AF1D-C7ADCBB7726A}.Debug|x86.ActiveCfg = Debug|x86
		{E9548389-BE77-4FEE-AF1D-C7ADCBB7726A}.Debug|x86.Build.0 = Debug|x86
		{E9548389-BE77-4FEE-AF1D-C7ADCBB7726A}.Release|Any CPU.ActiveCfg = Release|Any CPU
		{E9548389-BE77-4FEE-AF1D-C7ADCBB7726A}.Release|Any CPU.Build.0 = Release|Any CPU
		{E9548389-BE77-4FEE-AF1D-C7ADCBB7726A}.Release|Mixed Platforms.ActiveCfg = Release|Any CPU
		{E9548389-BE77-4FEE-AF1D-C7ADCBB7726A}.Release|Mixed Platforms.Build.0 = Release|Any CPU
		{E9548389-BE77-4FEE-AF1D-C7ADCBB7726A}.Release|x64.ActiveCfg = Release|x64
		{E9548389-BE77-4FEE-AF1D-C7ADCBB7726A}.Release|x64.Build.0 = Release|x64
		{E9548389-BE77-4FEE-AF1D-C7ADCBB7726A}.Release|x86.ActiveCfg = Release|x86
		{E9548389-BE77-4FEE-AF1D-C7ADCBB7726A}.Release|x86.Build.0 = Release|x86
		{9A35D603-ED13-4112-982B-312B864B360C}.Debug|Any CPU.ActiveCfg = Debug|Any CPU
		{9A35D603-ED13-4112-982B-312B864B360C}.Debug|Any CPU.Build.0 = Debug|Any CPU
		{9A35D603-ED13-4112-982B-312B864B360C}.Debug|Mixed Platforms.ActiveCfg = Debug|x86
		{9A35D603-ED13-4112-982B-312B864B360C}.Debug|Mixed Platforms.Build.0 = Debug|x86
		{9A35D603-ED13-4112-982B-312B864B360C}.Debug|x64.ActiveCfg = Debug|x64
		{9A35D603-ED13-4112-982B-312B864B360C}.Debug|x64.Build.0 = Debug|x64
		{9A35D603-ED13-4112-982B-312B864B360C}.Debug|x86.ActiveCfg = Debug|x86
		{9A35D603-ED13-4112-982B-312B864B360C}.Debug|x86.Build.0 = Debug|x86
		{9A35D603-ED13-4112-982B-312B864B360C}.Release|Any CPU.ActiveCfg = Release|Any CPU
		{9A35D603-ED13-4112-982B-312B864B360C}.Release|Any CPU.Build.0 = Release|Any CPU
		{9A35D603-ED13-4112-982B-312B864B360C}.Release|Mixed Platforms.ActiveCfg = Release|Any CPU
		{9A35D603-ED13-4112-982B-312B864B360C}.Release|Mixed Platforms.Build.0 = Release|Any CPU
		{9A35D603-ED13-4112-982B-312B864B360C}.Release|x64.ActiveCfg = Release|x64
		{9A35D603-ED13-4112-982B-312B864B360C}.Release|x64.Build.0 = Release|x64
		{9A35D603-ED13-4112-982B-312B864B360C}.Release|x86.ActiveCfg = Release|x86
		{9A35D603-ED13-4112-982B-312B864B360C}.Release|x86.Build.0 = Release|x86
		{EAE3A693-3DA1-4C83-858B-A0CFE5C34A9D}.Debug|Any CPU.ActiveCfg = Debug|Any CPU
		{EAE3A693-3DA1-4C83-858B-A0CFE5C34A9D}.Debug|Any CPU.Build.0 = Debug|Any CPU
		{EAE3A693-3DA1-4C83-858B-A0CFE5C34A9D}.Debug|Mixed Platforms.ActiveCfg = Debug|Any CPU
		{EAE3A693-3DA1-4C83-858B-A0CFE5C34A9D}.Debug|Mixed Platforms.Build.0 = Debug|Any CPU
		{EAE3A693-3DA1-4C83-858B-A0CFE5C34A9D}.Debug|x64.ActiveCfg = Debug|x64
		{EAE3A693-3DA1-4C83-858B-A0CFE5C34A9D}.Debug|x64.Build.0 = Debug|x64
		{EAE3A693-3DA1-4C83-858B-A0CFE5C34A9D}.Debug|x86.ActiveCfg = Debug|x86
		{EAE3A693-3DA1-4C83-858B-A0CFE5C34A9D}.Debug|x86.Build.0 = Debug|x86
		{EAE3A693-3DA1-4C83-858B-A0CFE5C34A9D}.Release|Any CPU.ActiveCfg = Release|Any CPU
		{EAE3A693-3DA1-4C83-858B-A0CFE5C34A9D}.Release|Any CPU.Build.0 = Release|Any CPU
		{EAE3A693-3DA1-4C83-858B-A0CFE5C34A9D}.Release|Mixed Platforms.ActiveCfg = Release|Any CPU
		{EAE3A693-3DA1-4C83-858B-A0CFE5C34A9D}.Release|Mixed Platforms.Build.0 = Release|Any CPU
		{EAE3A693-3DA1-4C83-858B-A0CFE5C34A9D}.Release|x64.ActiveCfg = Release|x64
		{EAE3A693-3DA1-4C83-858B-A0CFE5C34A9D}.Release|x64.Build.0 = Release|x64
		{EAE3A693-3DA1-4C83-858B-A0CFE5C34A9D}.Release|x86.ActiveCfg = Release|x86
		{EAE3A693-3DA1-4C83-858B-A0CFE5C34A9D}.Release|x86.Build.0 = Release|x86
		{5F130489-DB73-4692-897E-404708539EB7}.Debug|Any CPU.ActiveCfg = Debug|Any CPU
		{5F130489-DB73-4692-897E-404708539EB7}.Debug|Any CPU.Build.0 = Debug|Any CPU
		{5F130489-DB73-4692-897E-404708539EB7}.Debug|Mixed Platforms.ActiveCfg = Debug|Any CPU
		{5F130489-DB73-4692-897E-404708539EB7}.Debug|Mixed Platforms.Build.0 = Debug|Any CPU
		{5F130489-DB73-4692-897E-404708539EB7}.Debug|x64.ActiveCfg = Debug|x64
		{5F130489-DB73-4692-897E-404708539EB7}.Debug|x64.Build.0 = Debug|x64
		{5F130489-DB73-4692-897E-404708539EB7}.Debug|x86.ActiveCfg = Debug|x86
		{5F130489-DB73-4692-897E-404708539EB7}.Debug|x86.Build.0 = Debug|x86
		{5F130489-DB73-4692-897E-404708539EB7}.Release|Any CPU.ActiveCfg = Release|Any CPU
		{5F130489-DB73-4692-897E-404708539EB7}.Release|Any CPU.Build.0 = Release|Any CPU
		{5F130489-DB73-4692-897E-404708539EB7}.Release|Mixed Platforms.ActiveCfg = Release|Any CPU
		{5F130489-DB73-4692-897E-404708539EB7}.Release|Mixed Platforms.Build.0 = Release|Any CPU
		{5F130489-DB73-4692-897E-404708539EB7}.Release|x64.ActiveCfg = Release|x64
		{5F130489-DB73-4692-897E-404708539EB7}.Release|x64.Build.0 = Release|x64
		{5F130489-DB73-4692-897E-404708539EB7}.Release|x86.ActiveCfg = Release|x86
		{5F130489-DB73-4692-897E-404708539EB7}.Release|x86.Build.0 = Release|x86
		{CE60535F-C538-4149-B54C-0F24A6B5BF61}.Debug|Any CPU.ActiveCfg = Debug|Any CPU
		{CE60535F-C538-4149-B54C-0F24A6B5BF61}.Debug|Any CPU.Build.0 = Debug|Any CPU
		{CE60535F-C538-4149-B54C-0F24A6B5BF61}.Debug|Mixed Platforms.ActiveCfg = Debug|Any CPU
		{CE60535F-C538-4149-B54C-0F24A6B5BF61}.Debug|Mixed Platforms.Build.0 = Debug|Any CPU
		{CE60535F-C538-4149-B54C-0F24A6B5BF61}.Debug|x64.ActiveCfg = Debug|x64
		{CE60535F-C538-4149-B54C-0F24A6B5BF61}.Debug|x64.Build.0 = Debug|x64
		{CE60535F-C538-4149-B54C-0F24A6B5BF61}.Debug|x86.ActiveCfg = Debug|x86
		{CE60535F-C538-4149-B54C-0F24A6B5BF61}.Debug|x86.Build.0 = Debug|x86
		{CE60535F-C538-4149-B54C-0F24A6B5BF61}.Release|Any CPU.ActiveCfg = Release|Any CPU
		{CE60535F-C538-4149-B54C-0F24A6B5BF61}.Release|Any CPU.Build.0 = Release|Any CPU
		{CE60535F-C538-4149-B54C-0F24A6B5BF61}.Release|Mixed Platforms.ActiveCfg = Release|Any CPU
		{CE60535F-C538-4149-B54C-0F24A6B5BF61}.Release|Mixed Platforms.Build.0 = Release|Any CPU
		{CE60535F-C538-4149-B54C-0F24A6B5BF61}.Release|x64.ActiveCfg = Release|x64
		{CE60535F-C538-4149-B54C-0F24A6B5BF61}.Release|x64.Build.0 = Release|x64
		{CE60535F-C538-4149-B54C-0F24A6B5BF61}.Release|x86.ActiveCfg = Release|x86
		{CE60535F-C538-4149-B54C-0F24A6B5BF61}.Release|x86.Build.0 = Release|x86
		{E91AC72F-8D98-427F-BC83-8C68C9946711}.Debug|Any CPU.ActiveCfg = Debug|Any CPU
		{E91AC72F-8D98-427F-BC83-8C68C9946711}.Debug|Any CPU.Build.0 = Debug|Any CPU
		{E91AC72F-8D98-427F-BC83-8C68C9946711}.Debug|Mixed Platforms.ActiveCfg = Debug|x86
		{E91AC72F-8D98-427F-BC83-8C68C9946711}.Debug|Mixed Platforms.Build.0 = Debug|x86
		{E91AC72F-8D98-427F-BC83-8C68C9946711}.Debug|x64.ActiveCfg = Debug|x64
		{E91AC72F-8D98-427F-BC83-8C68C9946711}.Debug|x64.Build.0 = Debug|x64
		{E91AC72F-8D98-427F-BC83-8C68C9946711}.Debug|x86.ActiveCfg = Debug|x86
		{E91AC72F-8D98-427F-BC83-8C68C9946711}.Debug|x86.Build.0 = Debug|x86
		{E91AC72F-8D98-427F-BC83-8C68C9946711}.Release|Any CPU.ActiveCfg = Release|Any CPU
		{E91AC72F-8D98-427F-BC83-8C68C9946711}.Release|Any CPU.Build.0 = Release|Any CPU
		{E91AC72F-8D98-427F-BC83-8C68C9946711}.Release|Mixed Platforms.ActiveCfg = Release|Any CPU
		{E91AC72F-8D98-427F-BC83-8C68C9946711}.Release|Mixed Platforms.Build.0 = Release|Any CPU
		{E91AC72F-8D98-427F-BC83-8C68C9946711}.Release|x64.ActiveCfg = Release|x64
		{E91AC72F-8D98-427F-BC83-8C68C9946711}.Release|x64.Build.0 = Release|x64
		{E91AC72F-8D98-427F-BC83-8C68C9946711}.Release|x86.ActiveCfg = Release|x86
		{E91AC72F-8D98-427F-BC83-8C68C9946711}.Release|x86.Build.0 = Release|x86
		{4553A16A-4FC2-4236-B1F6-61480AF8A88B}.Debug|Any CPU.ActiveCfg = Debug|Any CPU
		{4553A16A-4FC2-4236-B1F6-61480AF8A88B}.Debug|Any CPU.Build.0 = Debug|Any CPU
		{4553A16A-4FC2-4236-B1F6-61480AF8A88B}.Debug|Mixed Platforms.ActiveCfg = Debug|x86
		{4553A16A-4FC2-4236-B1F6-61480AF8A88B}.Debug|Mixed Platforms.Build.0 = Debug|x86
		{4553A16A-4FC2-4236-B1F6-61480AF8A88B}.Debug|x64.ActiveCfg = Debug|x64
		{4553A16A-4FC2-4236-B1F6-61480AF8A88B}.Debug|x64.Build.0 = Debug|x64
		{4553A16A-4FC2-4236-B1F6-61480AF8A88B}.Debug|x86.ActiveCfg = Debug|x86
		{4553A16A-4FC2-4236-B1F6-61480AF8A88B}.Debug|x86.Build.0 = Debug|x86
		{4553A16A-4FC2-4236-B1F6-61480AF8A88B}.Release|Any CPU.ActiveCfg = Release|Any CPU
		{4553A16A-4FC2-4236-B1F6-61480AF8A88B}.Release|Any CPU.Build.0 = Release|Any CPU
		{4553A16A-4FC2-4236-B1F6-61480AF8A88B}.Release|Mixed Platforms.ActiveCfg = Release|Any CPU
		{4553A16A-4FC2-4236-B1F6-61480AF8A88B}.Release|Mixed Platforms.Build.0 = Release|Any CPU
		{4553A16A-4FC2-4236-B1F6-61480AF8A88B}.Release|x64.ActiveCfg = Release|x64
		{4553A16A-4FC2-4236-B1F6-61480AF8A88B}.Release|x64.Build.0 = Release|x64
		{4553A16A-4FC2-4236-B1F6-61480AF8A88B}.Release|x86.ActiveCfg = Release|x86
		{4553A16A-4FC2-4236-B1F6-61480AF8A88B}.Release|x86.Build.0 = Release|x86
		{2A2B2BD5-4A63-4715-8CF2-6668A05216D4}.Debug|Any CPU.ActiveCfg = Debug|Any CPU
		{2A2B2BD5-4A63-4715-8CF2-6668A05216D4}.Debug|Any CPU.Build.0 = Debug|Any CPU
		{2A2B2BD5-4A63-4715-8CF2-6668A05216D4}.Debug|Mixed Platforms.ActiveCfg = Debug|x86
		{2A2B2BD5-4A63-4715-8CF2-6668A05216D4}.Debug|Mixed Platforms.Build.0 = Debug|x86
		{2A2B2BD5-4A63-4715-8CF2-6668A05216D4}.Debug|x64.ActiveCfg = Debug|x64
		{2A2B2BD5-4A63-4715-8CF2-6668A05216D4}.Debug|x64.Build.0 = Debug|x64
		{2A2B2BD5-4A63-4715-8CF2-6668A05216D4}.Debug|x86.ActiveCfg = Debug|x86
		{2A2B2BD5-4A63-4715-8CF2-6668A05216D4}.Debug|x86.Build.0 = Debug|x86
		{2A2B2BD5-4A63-4715-8CF2-6668A05216D4}.Release|Any CPU.ActiveCfg = Release|Any CPU
		{2A2B2BD5-4A63-4715-8CF2-6668A05216D4}.Release|Any CPU.Build.0 = Release|Any CPU
		{2A2B2BD5-4A63-4715-8CF2-6668A05216D4}.Release|Mixed Platforms.ActiveCfg = Release|Any CPU
		{2A2B2BD5-4A63-4715-8CF2-6668A05216D4}.Release|Mixed Platforms.Build.0 = Release|Any CPU
		{2A2B2BD5-4A63-4715-8CF2-6668A05216D4}.Release|x64.ActiveCfg = Release|x64
		{2A2B2BD5-4A63-4715-8CF2-6668A05216D4}.Release|x64.Build.0 = Release|x64
		{2A2B2BD5-4A63-4715-8CF2-6668A05216D4}.Release|x86.ActiveCfg = Release|x86
		{2A2B2BD5-4A63-4715-8CF2-6668A05216D4}.Release|x86.Build.0 = Release|x86
		{7FECFA3F-318E-4911-A51A-E57608756C55}.Debug|Any CPU.ActiveCfg = Debug|Any CPU
		{7FECFA3F-318E-4911-A51A-E57608756C55}.Debug|Any CPU.Build.0 = Debug|Any CPU
		{7FECFA3F-318E-4911-A51A-E57608756C55}.Debug|Mixed Platforms.ActiveCfg = Debug|Any CPU
		{7FECFA3F-318E-4911-A51A-E57608756C55}.Debug|Mixed Platforms.Build.0 = Debug|Any CPU
		{7FECFA3F-318E-4911-A51A-E57608756C55}.Debug|x64.ActiveCfg = Debug|x64
		{7FECFA3F-318E-4911-A51A-E57608756C55}.Debug|x64.Build.0 = Debug|x64
		{7FECFA3F-318E-4911-A51A-E57608756C55}.Debug|x86.ActiveCfg = Debug|x86
		{7FECFA3F-318E-4911-A51A-E57608756C55}.Debug|x86.Build.0 = Debug|x86
		{7FECFA3F-318E-4911-A51A-E57608756C55}.Release|Any CPU.ActiveCfg = Release|Any CPU
		{7FECFA3F-318E-4911-A51A-E57608756C55}.Release|Any CPU.Build.0 = Release|Any CPU
		{7FECFA3F-318E-4911-A51A-E57608756C55}.Release|Mixed Platforms.ActiveCfg = Release|Any CPU
		{7FECFA3F-318E-4911-A51A-E57608756C55}.Release|Mixed Platforms.Build.0 = Release|Any CPU
		{7FECFA3F-318E-4911-A51A-E57608756C55}.Release|x64.ActiveCfg = Release|x64
		{7FECFA3F-318E-4911-A51A-E57608756C55}.Release|x64.Build.0 = Release|x64
		{7FECFA3F-318E-4911-A51A-E57608756C55}.Release|x86.ActiveCfg = Release|x86
		{7FECFA3F-318E-4911-A51A-E57608756C55}.Release|x86.Build.0 = Release|x86
		{53B741BE-1F95-425C-B6DB-BDD6FBAD5906}.Debug|Any CPU.ActiveCfg = Debug|Any CPU
		{53B741BE-1F95-425C-B6DB-BDD6FBAD5906}.Debug|Any CPU.Build.0 = Debug|Any CPU
		{53B741BE-1F95-425C-B6DB-BDD6FBAD5906}.Debug|Mixed Platforms.ActiveCfg = Debug|Any CPU
		{53B741BE-1F95-425C-B6DB-BDD6FBAD5906}.Debug|Mixed Platforms.Build.0 = Debug|Any CPU
		{53B741BE-1F95-425C-B6DB-BDD6FBAD5906}.Debug|x64.ActiveCfg = Debug|x64
		{53B741BE-1F95-425C-B6DB-BDD6FBAD5906}.Debug|x64.Build.0 = Debug|x64
		{53B741BE-1F95-425C-B6DB-BDD6FBAD5906}.Debug|x86.ActiveCfg = Debug|x86
		{53B741BE-1F95-425C-B6DB-BDD6FBAD5906}.Debug|x86.Build.0 = Debug|x86
		{53B741BE-1F95-425C-B6DB-BDD6FBAD5906}.Release|Any CPU.ActiveCfg = Release|Any CPU
		{53B741BE-1F95-425C-B6DB-BDD6FBAD5906}.Release|Any CPU.Build.0 = Release|Any CPU
		{53B741BE-1F95-425C-B6DB-BDD6FBAD5906}.Release|Mixed Platforms.ActiveCfg = Release|Any CPU
		{53B741BE-1F95-425C-B6DB-BDD6FBAD5906}.Release|Mixed Platforms.Build.0 = Release|Any CPU
		{53B741BE-1F95-425C-B6DB-BDD6FBAD5906}.Release|x64.ActiveCfg = Release|x64
		{53B741BE-1F95-425C-B6DB-BDD6FBAD5906}.Release|x64.Build.0 = Release|x64
		{53B741BE-1F95-425C-B6DB-BDD6FBAD5906}.Release|x86.ActiveCfg = Release|x86
		{53B741BE-1F95-425C-B6DB-BDD6FBAD5906}.Release|x86.Build.0 = Release|x86
		{52AB39ED-1907-4679-BCED-DE39FBD3AE8B}.Debug|Any CPU.ActiveCfg = Debug|Any CPU
		{52AB39ED-1907-4679-BCED-DE39FBD3AE8B}.Debug|Any CPU.Build.0 = Debug|Any CPU
		{52AB39ED-1907-4679-BCED-DE39FBD3AE8B}.Debug|Mixed Platforms.ActiveCfg = Debug|Any CPU
		{52AB39ED-1907-4679-BCED-DE39FBD3AE8B}.Debug|Mixed Platforms.Build.0 = Debug|Any CPU
		{52AB39ED-1907-4679-BCED-DE39FBD3AE8B}.Debug|x64.ActiveCfg = Debug|x64
		{52AB39ED-1907-4679-BCED-DE39FBD3AE8B}.Debug|x64.Build.0 = Debug|x64
		{52AB39ED-1907-4679-BCED-DE39FBD3AE8B}.Debug|x86.ActiveCfg = Debug|x86
		{52AB39ED-1907-4679-BCED-DE39FBD3AE8B}.Debug|x86.Build.0 = Debug|x86
		{52AB39ED-1907-4679-BCED-DE39FBD3AE8B}.Release|Any CPU.ActiveCfg = Release|Any CPU
		{52AB39ED-1907-4679-BCED-DE39FBD3AE8B}.Release|Any CPU.Build.0 = Release|Any CPU
		{52AB39ED-1907-4679-BCED-DE39FBD3AE8B}.Release|Mixed Platforms.ActiveCfg = Release|Any CPU
		{52AB39ED-1907-4679-BCED-DE39FBD3AE8B}.Release|Mixed Platforms.Build.0 = Release|Any CPU
		{52AB39ED-1907-4679-BCED-DE39FBD3AE8B}.Release|x64.ActiveCfg = Release|x64
		{52AB39ED-1907-4679-BCED-DE39FBD3AE8B}.Release|x64.Build.0 = Release|x64
		{52AB39ED-1907-4679-BCED-DE39FBD3AE8B}.Release|x86.ActiveCfg = Release|x86
		{52AB39ED-1907-4679-BCED-DE39FBD3AE8B}.Release|x86.Build.0 = Release|x86
		{D90C2964-1FC2-4354-9051-C762D12D53E0}.Debug|Any CPU.ActiveCfg = Debug|Any CPU
		{D90C2964-1FC2-4354-9051-C762D12D53E0}.Debug|Any CPU.Build.0 = Debug|Any CPU
		{D90C2964-1FC2-4354-9051-C762D12D53E0}.Debug|Mixed Platforms.ActiveCfg = Debug|Any CPU
		{D90C2964-1FC2-4354-9051-C762D12D53E0}.Debug|Mixed Platforms.Build.0 = Debug|Any CPU
		{D90C2964-1FC2-4354-9051-C762D12D53E0}.Debug|x64.ActiveCfg = Debug|x64
		{D90C2964-1FC2-4354-9051-C762D12D53E0}.Debug|x64.Build.0 = Debug|x64
		{D90C2964-1FC2-4354-9051-C762D12D53E0}.Debug|x86.ActiveCfg = Debug|x86
		{D90C2964-1FC2-4354-9051-C762D12D53E0}.Debug|x86.Build.0 = Debug|x86
		{D90C2964-1FC2-4354-9051-C762D12D53E0}.Release|Any CPU.ActiveCfg = Release|Any CPU
		{D90C2964-1FC2-4354-9051-C762D12D53E0}.Release|Any CPU.Build.0 = Release|Any CPU
		{D90C2964-1FC2-4354-9051-C762D12D53E0}.Release|Mixed Platforms.ActiveCfg = Release|Any CPU
		{D90C2964-1FC2-4354-9051-C762D12D53E0}.Release|Mixed Platforms.Build.0 = Release|Any CPU
		{D90C2964-1FC2-4354-9051-C762D12D53E0}.Release|x64.ActiveCfg = Release|x64
		{D90C2964-1FC2-4354-9051-C762D12D53E0}.Release|x64.Build.0 = Release|x64
		{D90C2964-1FC2-4354-9051-C762D12D53E0}.Release|x86.ActiveCfg = Release|x86
		{D90C2964-1FC2-4354-9051-C762D12D53E0}.Release|x86.Build.0 = Release|x86
		{D5F81EBA-39F8-4D67-8EEB-DE6AFF30D18A}.Debug|Any CPU.ActiveCfg = Debug|Any CPU
		{D5F81EBA-39F8-4D67-8EEB-DE6AFF30D18A}.Debug|Any CPU.Build.0 = Debug|Any CPU
		{D5F81EBA-39F8-4D67-8EEB-DE6AFF30D18A}.Debug|Mixed Platforms.ActiveCfg = Debug|Any CPU
		{D5F81EBA-39F8-4D67-8EEB-DE6AFF30D18A}.Debug|Mixed Platforms.Build.0 = Debug|Any CPU
		{D5F81EBA-39F8-4D67-8EEB-DE6AFF30D18A}.Debug|x64.ActiveCfg = Debug|x64
		{D5F81EBA-39F8-4D67-8EEB-DE6AFF30D18A}.Debug|x64.Build.0 = Debug|x64
		{D5F81EBA-39F8-4D67-8EEB-DE6AFF30D18A}.Debug|x86.ActiveCfg = Debug|x86
		{D5F81EBA-39F8-4D67-8EEB-DE6AFF30D18A}.Debug|x86.Build.0 = Debug|x86
		{D5F81EBA-39F8-4D67-8EEB-DE6AFF30D18A}.Release|Any CPU.ActiveCfg = Release|Any CPU
		{D5F81EBA-39F8-4D67-8EEB-DE6AFF30D18A}.Release|Any CPU.Build.0 = Release|Any CPU
		{D5F81EBA-39F8-4D67-8EEB-DE6AFF30D18A}.Release|Mixed Platforms.ActiveCfg = Release|Any CPU
		{D5F81EBA-39F8-4D67-8EEB-DE6AFF30D18A}.Release|Mixed Platforms.Build.0 = Release|Any CPU
		{D5F81EBA-39F8-4D67-8EEB-DE6AFF30D18A}.Release|x64.ActiveCfg = Release|x64
		{D5F81EBA-39F8-4D67-8EEB-DE6AFF30D18A}.Release|x64.Build.0 = Release|x64
		{D5F81EBA-39F8-4D67-8EEB-DE6AFF30D18A}.Release|x86.ActiveCfg = Release|x86
		{D5F81EBA-39F8-4D67-8EEB-DE6AFF30D18A}.Release|x86.Build.0 = Release|x86
		{13D45E21-458F-4CC9-93FE-C5D90CC1E3DC}.Debug|Any CPU.ActiveCfg = Debug|Any CPU
		{13D45E21-458F-4CC9-93FE-C5D90CC1E3DC}.Debug|Any CPU.Build.0 = Debug|Any CPU
		{13D45E21-458F-4CC9-93FE-C5D90CC1E3DC}.Debug|Mixed Platforms.ActiveCfg = Debug|Any CPU
		{13D45E21-458F-4CC9-93FE-C5D90CC1E3DC}.Debug|Mixed Platforms.Build.0 = Debug|Any CPU
		{13D45E21-458F-4CC9-93FE-C5D90CC1E3DC}.Debug|x64.ActiveCfg = Debug|x64
		{13D45E21-458F-4CC9-93FE-C5D90CC1E3DC}.Debug|x64.Build.0 = Debug|x64
		{13D45E21-458F-4CC9-93FE-C5D90CC1E3DC}.Debug|x86.ActiveCfg = Debug|x86
		{13D45E21-458F-4CC9-93FE-C5D90CC1E3DC}.Debug|x86.Build.0 = Debug|x86
		{13D45E21-458F-4CC9-93FE-C5D90CC1E3DC}.Release|Any CPU.ActiveCfg = Release|Any CPU
		{13D45E21-458F-4CC9-93FE-C5D90CC1E3DC}.Release|Any CPU.Build.0 = Release|Any CPU
		{13D45E21-458F-4CC9-93FE-C5D90CC1E3DC}.Release|Mixed Platforms.ActiveCfg = Release|Any CPU
		{13D45E21-458F-4CC9-93FE-C5D90CC1E3DC}.Release|Mixed Platforms.Build.0 = Release|Any CPU
		{13D45E21-458F-4CC9-93FE-C5D90CC1E3DC}.Release|x64.ActiveCfg = Release|x64
		{13D45E21-458F-4CC9-93FE-C5D90CC1E3DC}.Release|x64.Build.0 = Release|x64
		{13D45E21-458F-4CC9-93FE-C5D90CC1E3DC}.Release|x86.ActiveCfg = Release|x86
		{13D45E21-458F-4CC9-93FE-C5D90CC1E3DC}.Release|x86.Build.0 = Release|x86
		{F11CDC82-EB09-4A10-A521-16DF104CD708}.Debug|Any CPU.ActiveCfg = Debug|Any CPU
		{F11CDC82-EB09-4A10-A521-16DF104CD708}.Debug|Any CPU.Build.0 = Debug|Any CPU
		{F11CDC82-EB09-4A10-A521-16DF104CD708}.Debug|Mixed Platforms.ActiveCfg = Debug|Any CPU
		{F11CDC82-EB09-4A10-A521-16DF104CD708}.Debug|Mixed Platforms.Build.0 = Debug|Any CPU
		{F11CDC82-EB09-4A10-A521-16DF104CD708}.Debug|x64.ActiveCfg = Debug|Any CPU
		{F11CDC82-EB09-4A10-A521-16DF104CD708}.Debug|x86.ActiveCfg = Debug|Any CPU
		{F11CDC82-EB09-4A10-A521-16DF104CD708}.Release|Any CPU.ActiveCfg = Release|Any CPU
		{F11CDC82-EB09-4A10-A521-16DF104CD708}.Release|Any CPU.Build.0 = Release|Any CPU
		{F11CDC82-EB09-4A10-A521-16DF104CD708}.Release|Mixed Platforms.ActiveCfg = Release|Any CPU
		{F11CDC82-EB09-4A10-A521-16DF104CD708}.Release|Mixed Platforms.Build.0 = Release|Any CPU
		{F11CDC82-EB09-4A10-A521-16DF104CD708}.Release|x64.ActiveCfg = Release|Any CPU
		{F11CDC82-EB09-4A10-A521-16DF104CD708}.Release|x86.ActiveCfg = Release|Any CPU
		{7096AF8F-51A8-45E3-AFB5-8C81B844A19E}.Debug|Any CPU.ActiveCfg = Debug|Any CPU
		{7096AF8F-51A8-45E3-AFB5-8C81B844A19E}.Debug|Any CPU.Build.0 = Debug|Any CPU
		{7096AF8F-51A8-45E3-AFB5-8C81B844A19E}.Debug|Mixed Platforms.ActiveCfg = Debug|Any CPU
		{7096AF8F-51A8-45E3-AFB5-8C81B844A19E}.Debug|Mixed Platforms.Build.0 = Debug|Any CPU
		{7096AF8F-51A8-45E3-AFB5-8C81B844A19E}.Debug|x64.ActiveCfg = Debug|Any CPU
		{7096AF8F-51A8-45E3-AFB5-8C81B844A19E}.Debug|x86.ActiveCfg = Debug|Any CPU
		{7096AF8F-51A8-45E3-AFB5-8C81B844A19E}.Release|Any CPU.ActiveCfg = Release|Any CPU
		{7096AF8F-51A8-45E3-AFB5-8C81B844A19E}.Release|Any CPU.Build.0 = Release|Any CPU
		{7096AF8F-51A8-45E3-AFB5-8C81B844A19E}.Release|Mixed Platforms.ActiveCfg = Release|Any CPU
		{7096AF8F-51A8-45E3-AFB5-8C81B844A19E}.Release|Mixed Platforms.Build.0 = Release|Any CPU
		{7096AF8F-51A8-45E3-AFB5-8C81B844A19E}.Release|x64.ActiveCfg = Release|Any CPU
		{7096AF8F-51A8-45E3-AFB5-8C81B844A19E}.Release|x86.ActiveCfg = Release|Any CPU
		{9A653A28-FE46-40E8-A14F-48B0E325165D}.Debug|Any CPU.ActiveCfg = Debug|Any CPU
		{9A653A28-FE46-40E8-A14F-48B0E325165D}.Debug|Any CPU.Build.0 = Debug|Any CPU
		{9A653A28-FE46-40E8-A14F-48B0E325165D}.Debug|Mixed Platforms.ActiveCfg = Debug|Any CPU
		{9A653A28-FE46-40E8-A14F-48B0E325165D}.Debug|Mixed Platforms.Build.0 = Debug|Any CPU
		{9A653A28-FE46-40E8-A14F-48B0E325165D}.Debug|x64.ActiveCfg = Debug|Any CPU
		{9A653A28-FE46-40E8-A14F-48B0E325165D}.Debug|x86.ActiveCfg = Debug|Any CPU
		{9A653A28-FE46-40E8-A14F-48B0E325165D}.Release|Any CPU.ActiveCfg = Release|Any CPU
		{9A653A28-FE46-40E8-A14F-48B0E325165D}.Release|Any CPU.Build.0 = Release|Any CPU
		{9A653A28-FE46-40E8-A14F-48B0E325165D}.Release|Mixed Platforms.ActiveCfg = Release|Any CPU
		{9A653A28-FE46-40E8-A14F-48B0E325165D}.Release|Mixed Platforms.Build.0 = Release|Any CPU
		{9A653A28-FE46-40E8-A14F-48B0E325165D}.Release|x64.ActiveCfg = Release|Any CPU
		{9A653A28-FE46-40E8-A14F-48B0E325165D}.Release|x86.ActiveCfg = Release|Any CPU
		{47EA4668-64CB-4B2D-9BC2-D9EB415C9442}.Debug|Any CPU.ActiveCfg = Debug|Any CPU
		{47EA4668-64CB-4B2D-9BC2-D9EB415C9442}.Debug|Any CPU.Build.0 = Debug|Any CPU
		{47EA4668-64CB-4B2D-9BC2-D9EB415C9442}.Debug|Mixed Platforms.ActiveCfg = Debug|Any CPU
		{47EA4668-64CB-4B2D-9BC2-D9EB415C9442}.Debug|Mixed Platforms.Build.0 = Debug|Any CPU
		{47EA4668-64CB-4B2D-9BC2-D9EB415C9442}.Debug|x64.ActiveCfg = Debug|Any CPU
		{47EA4668-64CB-4B2D-9BC2-D9EB415C9442}.Debug|x86.ActiveCfg = Debug|Any CPU
		{47EA4668-64CB-4B2D-9BC2-D9EB415C9442}.Release|Any CPU.ActiveCfg = Release|Any CPU
		{47EA4668-64CB-4B2D-9BC2-D9EB415C9442}.Release|Any CPU.Build.0 = Release|Any CPU
		{47EA4668-64CB-4B2D-9BC2-D9EB415C9442}.Release|Mixed Platforms.ActiveCfg = Release|Any CPU
		{47EA4668-64CB-4B2D-9BC2-D9EB415C9442}.Release|Mixed Platforms.Build.0 = Release|Any CPU
		{47EA4668-64CB-4B2D-9BC2-D9EB415C9442}.Release|x64.ActiveCfg = Release|Any CPU
		{47EA4668-64CB-4B2D-9BC2-D9EB415C9442}.Release|x86.ActiveCfg = Release|Any CPU
	EndGlobalSection
	GlobalSection(SolutionProperties) = preSolution
		HideSolutionNode = FALSE
	EndGlobalSection
	GlobalSection(NestedProjects) = preSolution
		{CE60535F-C538-4149-B54C-0F24A6B5BF61} = {5B9D41B0-F663-4B70-8DA1-73B71F5B439F}
		{2A2B2BD5-4A63-4715-8CF2-6668A05216D4} = {5B9D41B0-F663-4B70-8DA1-73B71F5B439F}
		{52AB39ED-1907-4679-BCED-DE39FBD3AE8B} = {5B9D41B0-F663-4B70-8DA1-73B71F5B439F}
		{D5F81EBA-39F8-4D67-8EEB-DE6AFF30D18A} = {5B9D41B0-F663-4B70-8DA1-73B71F5B439F}
		{13D45E21-458F-4CC9-93FE-C5D90CC1E3DC} = {5B9D41B0-F663-4B70-8DA1-73B71F5B439F}
		{F11CDC82-EB09-4A10-A521-16DF104CD708} = {5B9D41B0-F663-4B70-8DA1-73B71F5B439F}
		{7096AF8F-51A8-45E3-AFB5-8C81B844A19E} = {5B9D41B0-F663-4B70-8DA1-73B71F5B439F}
		{47EA4668-64CB-4B2D-9BC2-D9EB415C9442} = {5B9D41B0-F663-4B70-8DA1-73B71F5B439F}
		{5F130489-DB73-4692-897E-404708539EB7} = {5B9D41B0-F663-4B70-8DA1-73B71F5B439F}
	EndGlobalSection
	GlobalSection(ExtensibilityGlobals) = postSolution
		VisualSVNWorkingCopyRoot = .
	EndGlobalSection
	GlobalSection(TestCaseManagementSettings) = postSolution
		CategoryFile = MPM.vsmdi
	EndGlobalSection
EndGlobal
